
Microsoft Visual Studio Solution File, Format Version 12.00
# Visual Studio Version 17
VisualStudioVersion = 17.11.35312.102
MinimumVisualStudioVersion = 10.0.40219.1
Project("{FAE04EC0-301F-11D3-BF4B-00C04F79EFBC}") = "ProjectPortfolio1", "ProjectPortfolio1\ProjectPortfolio1.csproj", "{21ED1364-FF12-4FC8-AA74-7FD9D9660952}"
EndProject
Global
	GlobalSection(SolutionConfigurationPlatforms) = preSolution
		Debug|Any CPU = Debug|Any CPU
		Release|Any CPU = Release|Any CPU
	EndGlobalSection
	GlobalSection(ProjectConfigurationPlatforms) = postSolution
		{21ED1364-FF12-4FC8-AA74-7FD9D9660952}.Debug|Any CPU.ActiveCfg = Debug|Any CPU
		{21ED1364-FF12-4FC8-AA74-7FD9D9660952}.Debug|Any CPU.Build.0 = Debug|Any CPU
		{21ED1364-FF12-4FC8-AA74-7FD9D9660952}.Release|Any CPU.ActiveCfg = Release|Any CPU
		{21ED1364-FF12-4FC8-AA74-7FD9D9660952}.Release|Any CPU.Build.0 = Release|Any CPU
	EndGlobalSection
	GlobalSection(SolutionProperties) = preSolution
		HideSolutionNode = FALSE
	EndGlobalSection
	GlobalSection(ExtensibilityGlobals) = postSolution
		SolutionGuid = {D3C12C8A-9EB0-4D63-83AB-B26E6E75BDA3}
	EndGlobalSection
EndGlobal
